
Microsoft Visual Studio Solution File, Format Version 12.00
# Visual Studio Version 16
VisualStudioVersion = 16.0.31005.135
MinimumVisualStudioVersion = 10.0.40219.1
Project("{FAE04EC0-301F-11D3-BF4B-00C04F79EFBC}") = "Pdb-Magician", "Pdb-Magician\Pdb-Magician.csproj", "{AD81745F-F82A-414A-8ADC-70571B888CF2}"
EndProject
Project("{FAE04EC0-301F-11D3-BF4B-00C04F79EFBC}") = "TestHarness", "TestHarness\TestHarness.csproj", "{8583184E-EEBE-434C-9749-DBA719E999CE}"
EndProject
Global
	GlobalSection(SolutionConfigurationPlatforms) = preSolution
		Debug|Any CPU = Debug|Any CPU
		Debug|x64 = Debug|x64
		Release|Any CPU = Release|Any CPU
		Release|x64 = Release|x64
	EndGlobalSection
	GlobalSection(ProjectConfigurationPlatforms) = postSolution
		{AD81745F-F82A-414A-8ADC-70571B888CF2}.Debug|Any CPU.ActiveCfg = Debug|x64
		{AD81745F-F82A-414A-8ADC-70571B888CF2}.Debug|Any CPU.Build.0 = Debug|x64
		{AD81745F-F82A-414A-8ADC-70571B888CF2}.Debug|x64.ActiveCfg = Debug|x64
		{AD81745F-F82A-414A-8ADC-70571B888CF2}.Debug|x64.Build.0 = Debug|x64
		{AD81745F-F82A-414A-8ADC-70571B888CF2}.Release|Any CPU.ActiveCfg = Release|Any CPU
		{AD81745F-F82A-414A-8ADC-70571B888CF2}.Release|Any CPU.Build.0 = Release|Any CPU
		{AD81745F-F82A-414A-8ADC-70571B888CF2}.Release|x64.ActiveCfg = Release|x64
		{AD81745F-F82A-414A-8ADC-70571B888CF2}.Release|x64.Build.0 = Release|x64
		{8583184E-EEBE-434C-9749-DBA719E999CE}.Debug|Any CPU.ActiveCfg = Debug|Any CPU
		{8583184E-EEBE-434C-9749-DBA719E999CE}.Debug|Any CPU.Build.0 = Debug|Any CPU
		{8583184E-EEBE-434C-9749-DBA719E999CE}.Debug|x64.ActiveCfg = Debug|x64
		{8583184E-EEBE-434C-9749-DBA719E999CE}.Debug|x64.Build.0 = Debug|x64
		{8583184E-EEBE-434C-9749-DBA719E999CE}.Release|Any CPU.ActiveCfg = Release|Any CPU
		{8583184E-EEBE-434C-9749-DBA719E999CE}.Release|Any CPU.Build.0 = Release|Any CPU
		{8583184E-EEBE-434C-9749-DBA719E999CE}.Release|x64.ActiveCfg = Release|x64
		{8583184E-EEBE-434C-9749-DBA719E999CE}.Release|x64.Build.0 = Release|x64
	EndGlobalSection
	GlobalSection(SolutionProperties) = preSolution
		HideSolutionNode = FALSE
	EndGlobalSection
	GlobalSection(ExtensibilityGlobals) = postSolution
		SolutionGuid = {BBBB7875-F17B-414C-B655-9A14113BA130}
	EndGlobalSection
EndGlobal
